
Microsoft Visual Studio Solution File, Format Version 12.00
# Visual Studio Version 17
VisualStudioVersion = 17.3.32901.215
MinimumVisualStudioVersion = 10.0.40219.1
Project("{FAE04EC0-301F-11D3-BF4B-00C04F79EFBC}") = "Assignment_To-do It", "Assignment_To-do It\Assignment_To-do It.csproj", "{A288245F-4392-4B7C-8779-13E5E31275F3}"
EndProject
Global
	GlobalSection(SolutionConfigurationPlatforms) = preSolution
		Debug|Any CPU = Debug|Any CPU
		Release|Any CPU = Release|Any CPU
	EndGlobalSection
	GlobalSection(ProjectConfigurationPlatforms) = postSolution
		{A288245F-4392-4B7C-8779-13E5E31275F3}.Debug|Any CPU.ActiveCfg = Debug|Any CPU
		{A288245F-4392-4B7C-8779-13E5E31275F3}.Debug|Any CPU.Build.0 = Debug|Any CPU
		{A288245F-4392-4B7C-8779-13E5E31275F3}.Release|Any CPU.ActiveCfg = Release|Any CPU
		{A288245F-4392-4B7C-8779-13E5E31275F3}.Release|Any CPU.Build.0 = Release|Any CPU
	EndGlobalSection
	GlobalSection(SolutionProperties) = preSolution
		HideSolutionNode = FALSE
	EndGlobalSection
	GlobalSection(ExtensibilityGlobals) = postSolution
		SolutionGuid = {8A02B60C-2B78-461A-B2B6-7BCDB79507E8}
	EndGlobalSection
EndGlobal
